// !$*UTF8*$!
{
	archiveVersion = 1;
	classes = {
	};
	objectVersion = 55;
	objects = {

/* Begin PBXBuildFile section */
		7F724C672762AECF009904BC /* Extensions.swift in Sources */ = {isa = PBXBuildFile; fileRef = 7F724C662762AECF009904BC /* Extensions.swift */; };
		7FBC230F2760BD0B0066CEC8 /* carewegoApp.swift in Sources */ = {isa = PBXBuildFile; fileRef = 7FBC230E2760BD0B0066CEC8 /* carewegoApp.swift */; };
		7FBC23112760BD0B0066CEC8 /* ContentView.swift in Sources */ = {isa = PBXBuildFile; fileRef = 7FBC23102760BD0B0066CEC8 /* ContentView.swift */; };
		7FBC23132760BD0C0066CEC8 /* Assets.xcassets in Resources */ = {isa = PBXBuildFile; fileRef = 7FBC23122760BD0C0066CEC8 /* Assets.xcassets */; };
		7FBC23162760BD0C0066CEC8 /* Preview Assets.xcassets in Resources */ = {isa = PBXBuildFile; fileRef = 7FBC23152760BD0C0066CEC8 /* Preview Assets.xcassets */; };
		7FD13CA127623E1300AEDDA4 /* Colors.swift in Sources */ = {isa = PBXBuildFile; fileRef = 7FD13CA027623E1300AEDDA4 /* Colors.swift */; };
		7FD13CA8276246B700AEDDA4 /* Enumerations.swift in Sources */ = {isa = PBXBuildFile; fileRef = 7FD13CA7276246B700AEDDA4 /* Enumerations.swift */; };
		7FD13CAA276246C200AEDDA4 /* Structures.swift in Sources */ = {isa = PBXBuildFile; fileRef = 7FD13CA9276246C200AEDDA4 /* Structures.swift */; };
		7FD13CAE27624D2A00AEDDA4 /* Database.swift in Sources */ = {isa = PBXBuildFile; fileRef = 7FD13CAD27624D2A00AEDDA4 /* Database.swift */; };
		7FEE6FD22762355400F0688D /* Feed.swift in Sources */ = {isa = PBXBuildFile; fileRef = 7FEE6FD12762355400F0688D /* Feed.swift */; };
		7FEE6FD42762357E00F0688D /* Profile.swift in Sources */ = {isa = PBXBuildFile; fileRef = 7FEE6FD32762357E00F0688D /* Profile.swift */; };
		7FEE6FD62762359700F0688D /* GridDestinations.swift in Sources */ = {isa = PBXBuildFile; fileRef = 7FEE6FD52762359700F0688D /* GridDestinations.swift */; };
		7FEE6FD8276235C700F0688D /* LocationMap.swift in Sources */ = {isa = PBXBuildFile; fileRef = 7FEE6FD7276235C700F0688D /* LocationMap.swift */; };
/* End PBXBuildFile section */

/* Begin PBXFileReference section */
		7F724C662762AECF009904BC /* Extensions.swift */ = {isa = PBXFileReference; lastKnownFileType = sourcecode.swift; path = Extensions.swift; sourceTree = "<group>"; };
		7FBC230B2760BD0B0066CEC8 /* carewego.app */ = {isa = PBXFileReference; explicitFileType = wrapper.application; includeInIndex = 0; path = carewego.app; sourceTree = BUILT_PRODUCTS_DIR; };
		7FBC230E2760BD0B0066CEC8 /* carewegoApp.swift */ = {isa = PBXFileReference; lastKnownFileType = sourcecode.swift; path = carewegoApp.swift; sourceTree = "<group>"; };
		7FBC23102760BD0B0066CEC8 /* ContentView.swift */ = {isa = PBXFileReference; lastKnownFileType = sourcecode.swift; path = ContentView.swift; sourceTree = "<group>"; };
		7FBC23122760BD0C0066CEC8 /* Assets.xcassets */ = {isa = PBXFileReference; lastKnownFileType = folder.assetcatalog; path = Assets.xcassets; sourceTree = "<group>"; };
		7FBC23152760BD0C0066CEC8 /* Preview Assets.xcassets */ = {isa = PBXFileReference; lastKnownFileType = folder.assetcatalog; path = "Preview Assets.xcassets"; sourceTree = "<group>"; };
		7FD13CA027623E1300AEDDA4 /* Colors.swift */ = {isa = PBXFileReference; lastKnownFileType = sourcecode.swift; path = Colors.swift; sourceTree = "<group>"; };
		7FD13CA7276246B700AEDDA4 /* Enumerations.swift */ = {isa = PBXFileReference; lastKnownFileType = sourcecode.swift; path = Enumerations.swift; sourceTree = "<group>"; };
		7FD13CA9276246C200AEDDA4 /* Structures.swift */ = {isa = PBXFileReference; lastKnownFileType = sourcecode.swift; path = Structures.swift; sourceTree = "<group>"; };
		7FD13CAD27624D2A00AEDDA4 /* Database.swift */ = {isa = PBXFileReference; lastKnownFileType = sourcecode.swift; path = Database.swift; sourceTree = "<group>"; };
		7FEE6FD12762355400F0688D /* Feed.swift */ = {isa = PBXFileReference; lastKnownFileType = sourcecode.swift; path = Feed.swift; sourceTree = "<group>"; };
		7FEE6FD32762357E00F0688D /* Profile.swift */ = {isa = PBXFileReference; lastKnownFileType = sourcecode.swift; path = Profile.swift; sourceTree = "<group>"; };
		7FEE6FD52762359700F0688D /* GridDestinations.swift */ = {isa = PBXFileReference; lastKnownFileType = sourcecode.swift; path = GridDestinations.swift; sourceTree = "<group>"; };
		7FEE6FD7276235C700F0688D /* LocationMap.swift */ = {isa = PBXFileReference; lastKnownFileType = sourcecode.swift; path = LocationMap.swift; sourceTree = "<group>"; };
/* End PBXFileReference section */

/* Begin PBXFrameworksBuildPhase section */
		7FBC23082760BD0B0066CEC8 /* Frameworks */ = {
			isa = PBXFrameworksBuildPhase;
			buildActionMask = 2147483647;
			files = (
			);
			runOnlyForDeploymentPostprocessing = 0;
		};
/* End PBXFrameworksBuildPhase section */

/* Begin PBXGroup section */
		7FBC23022760BD0B0066CEC8 = {
			isa = PBXGroup;
			children = (
				7FBC230D2760BD0B0066CEC8 /* carewego */,
				7FBC230C2760BD0B0066CEC8 /* Products */,
			);
			sourceTree = "<group>";
		};
		7FBC230C2760BD0B0066CEC8 /* Products */ = {
			isa = PBXGroup;
			children = (
				7FBC230B2760BD0B0066CEC8 /* carewego.app */,
			);
			name = Products;
			sourceTree = "<group>";
		};
		7FBC230D2760BD0B0066CEC8 /* carewego */ = {
			isa = PBXGroup;
			children = (
				7FD13CA6276246AA00AEDDA4 /* Models */,
				7FD13CA327623F6300AEDDA4 /* Components */,
				7FEE6FD7276235C700F0688D /* LocationMap.swift */,
				7FEE6FD52762359700F0688D /* GridDestinations.swift */,
				7FEE6FD12762355400F0688D /* Feed.swift */,
				7FEE6FD32762357E00F0688D /* Profile.swift */,
				7FBC23102760BD0B0066CEC8 /* ContentView.swift */,
				7FBC230E2760BD0B0066CEC8 /* carewegoApp.swift */,
				7FBC23122760BD0C0066CEC8 /* Assets.xcassets */,
				7FBC23142760BD0C0066CEC8 /* Preview Content */,
			);
			path = carewego;
			sourceTree = "<group>";
		};
		7FBC23142760BD0C0066CEC8 /* Preview Content */ = {
			isa = PBXGroup;
			children = (
				7FBC23152760BD0C0066CEC8 /* Preview Assets.xcassets */,
			);
			path = "Preview Content";
			sourceTree = "<group>";
		};
		7FD13CA327623F6300AEDDA4 /* Components */ = {
			isa = PBXGroup;
			children = (
			);
			path = Components;
			sourceTree = "<group>";
		};
		7FD13CA6276246AA00AEDDA4 /* Models */ = {
			isa = PBXGroup;
			children = (
				7FD13CA027623E1300AEDDA4 /* Colors.swift */,
				7FD13CA7276246B700AEDDA4 /* Enumerations.swift */,
				7FD13CA9276246C200AEDDA4 /* Structures.swift */,
				7FD13CAD27624D2A00AEDDA4 /* Database.swift */,
				7F724C662762AECF009904BC /* Extensions.swift */,
			);
			path = Models;
			sourceTree = "<group>";
		};
/* End PBXGroup section */

/* Begin PBXNativeTarget section */
		7FBC230A2760BD0B0066CEC8 /* carewego */ = {
			isa = PBXNativeTarget;
			buildConfigurationList = 7FBC23192760BD0C0066CEC8 /* Build configuration list for PBXNativeTarget "carewego" */;
			buildPhases = (
				7FBC23072760BD0B0066CEC8 /* Sources */,
				7FBC23082760BD0B0066CEC8 /* Frameworks */,
				7FBC23092760BD0B0066CEC8 /* Resources */,
			);
			buildRules = (
			);
			dependencies = (
			);
			name = carewego;
			productName = carewego;
			productReference = 7FBC230B2760BD0B0066CEC8 /* carewego.app */;
			productType = "com.apple.product-type.application";
		};
/* End PBXNativeTarget section */

/* Begin PBXProject section */
		7FBC23032760BD0B0066CEC8 /* Project object */ = {
			isa = PBXProject;
			attributes = {
				BuildIndependentTargetsInParallel = 1;
				LastSwiftUpdateCheck = 1300;
				LastUpgradeCheck = 1300;
				TargetAttributes = {
					7FBC230A2760BD0B0066CEC8 = {
						CreatedOnToolsVersion = 13.0;
					};
				};
			};
			buildConfigurationList = 7FBC23062760BD0B0066CEC8 /* Build configuration list for PBXProject "carewego" */;
			compatibilityVersion = "Xcode 13.0";
			developmentRegion = en;
			hasScannedForEncodings = 0;
			knownRegions = (
				en,
				Base,
			);
			mainGroup = 7FBC23022760BD0B0066CEC8;
			productRefGroup = 7FBC230C2760BD0B0066CEC8 /* Products */;
			projectDirPath = "";
			projectRoot = "";
			targets = (
				7FBC230A2760BD0B0066CEC8 /* carewego */,
			);
		};
/* End PBXProject section */

/* Begin PBXResourcesBuildPhase section */
		7FBC23092760BD0B0066CEC8 /* Resources */ = {
			isa = PBXResourcesBuildPhase;
			buildActionMask = 2147483647;
			files = (
				7FBC23162760BD0C0066CEC8 /* Preview Assets.xcassets in Resources */,
				7FBC23132760BD0C0066CEC8 /* Assets.xcassets in Resources */,
			);
			runOnlyForDeploymentPostprocessing = 0;
		};
/* End PBXResourcesBuildPhase section */

/* Begin PBXSourcesBuildPhase section */
		7FBC23072760BD0B0066CEC8 /* Sources */ = {
			isa = PBXSourcesBuildPhase;
			buildActionMask = 2147483647;
			files = (
				7FBC23112760BD0B0066CEC8 /* ContentView.swift in Sources */,
				7FD13CAA276246C200AEDDA4 /* Structures.swift in Sources */,
				7FEE6FD42762357E00F0688D /* Profile.swift in Sources */,
				7FEE6FD22762355400F0688D /* Feed.swift in Sources */,
				7FD13CA127623E1300AEDDA4 /* Colors.swift in Sources */,
				7FEE6FD8276235C700F0688D /* LocationMap.swift in Sources */,
				7FBC230F2760BD0B0066CEC8 /* carewegoApp.swift in Sources */,
				7FEE6FD62762359700F0688D /* GridDestinations.swift in Sources */,
				7FD13CAE27624D2A00AEDDA4 /* Database.swift in Sources */,
				7F724C672762AECF009904BC /* Extensions.swift in Sources */,
				7FD13CA8276246B700AEDDA4 /* Enumerations.swift in Sources */,
			);
			runOnlyForDeploymentPostprocessing = 0;
		};
/* End PBXSourcesBuildPhase section */

/* Begin XCBuildConfiguration section */
		7FBC23172760BD0C0066CEC8 /* Debug */ = {
			isa = XCBuildConfiguration;
			buildSettings = {
				ALWAYS_SEARCH_USER_PATHS = NO;
				CLANG_ANALYZER_NONNULL = YES;
				CLANG_ANALYZER_NUMBER_OBJECT_CONVERSION = YES_AGGRESSIVE;
				CLANG_CXX_LANGUAGE_STANDARD = "gnu++17";
				CLANG_CXX_LIBRARY = "libc++";
				CLANG_ENABLE_MODULES = YES;
				CLANG_ENABLE_OBJC_ARC = YES;
				CLANG_ENABLE_OBJC_WEAK = YES;
				CLANG_WARN_BLOCK_CAPTURE_AUTORELEASING = YES;
				CLANG_WARN_BOOL_CONVERSION = YES;
				CLANG_WARN_COMMA = YES;
				CLANG_WARN_CONSTANT_CONVERSION = YES;
				CLANG_WARN_DEPRECATED_OBJC_IMPLEMENTATIONS = YES;
				CLANG_WARN_DIRECT_OBJC_ISA_USAGE = YES_ERROR;
				CLANG_WARN_DOCUMENTATION_COMMENTS = YES;
				CLANG_WARN_EMPTY_BODY = YES;
				CLANG_WARN_ENUM_CONVERSION = YES;
				CLANG_WARN_INFINITE_RECURSION = YES;
				CLANG_WARN_INT_CONVERSION = YES;
				CLANG_WARN_NON_LITERAL_NULL_CONVERSION = YES;
				CLANG_WARN_OBJC_IMPLICIT_RETAIN_SELF = YES;
				CLANG_WARN_OBJC_LITERAL_CONVERSION = YES;
				CLANG_WARN_OBJC_ROOT_CLASS = YES_ERROR;
				CLANG_WARN_QUOTED_INCLUDE_IN_FRAMEWORK_HEADER = YES;
				CLANG_WARN_RANGE_LOOP_ANALYSIS = YES;
				CLANG_WARN_STRICT_PROTOTYPES = YES;
				CLANG_WARN_SUSPICIOUS_MOVE = YES;
				CLANG_WARN_UNGUARDED_AVAILABILITY = YES_AGGRESSIVE;
				CLANG_WARN_UNREACHABLE_CODE = YES;
				CLANG_WARN__DUPLICATE_METHOD_MATCH = YES;
				COPY_PHASE_STRIP = NO;
				DEBUG_INFORMATION_FORMAT = dwarf;
				ENABLE_STRICT_OBJC_MSGSEND = YES;
				ENABLE_TESTABILITY = YES;
				GCC_C_LANGUAGE_STANDARD = gnu11;
				GCC_DYNAMIC_NO_PIC = NO;
				GCC_NO_COMMON_BLOCKS = YES;
				GCC_OPTIMIZATION_LEVEL = 0;
				GCC_PREPROCESSOR_DEFINITIONS = (
					"DEBUG=1",
					"$(inherited)",
				);
				GCC_WARN_64_TO_32_BIT_CONVERSION = YES;
				GCC_WARN_ABOUT_RETURN_TYPE = YES_ERROR;
				GCC_WARN_UNDECLARED_SELECTOR = YES;
				GCC_WARN_UNINITIALIZED_AUTOS = YES_AGGRESSIVE;
				GCC_WARN_UNUSED_FUNCTION = YES;
				GCC_WARN_UNUSED_VARIABLE = YES;
				IPHONEOS_DEPLOYMENT_TARGET = 15.0;
				MTL_ENABLE_DEBUG_INFO = INCLUDE_SOURCE;
				MTL_FAST_MATH = YES;
				ONLY_ACTIVE_ARCH = YES;
				SDKROOT = iphoneos;
				SWIFT_ACTIVE_COMPILATION_CONDITIONS = DEBUG;
				SWIFT_OPTIMIZATION_LEVEL = "-Onone";
			};
			name = Debug;
		};
		7FBC23182760BD0C0066CEC8 /* Release */ = {
			isa = XCBuildConfiguration;
			buildSettings = {
				ALWAYS_SEARCH_USER_PATHS = NO;
				CLANG_ANALYZER_NONNULL = YES;
				CLANG_ANALYZER_NUMBER_OBJECT_CONVERSION = YES_AGGRESSIVE;
				CLANG_CXX_LANGUAGE_STANDARD = "gnu++17";
				CLANG_CXX_LIBRARY = "libc++";
				CLANG_ENABLE_MODULES = YES;
				CLANG_ENABLE_OBJC_ARC = YES;
				CLANG_ENABLE_OBJC_WEAK = YES;
				CLANG_WARN_BLOCK_CAPTURE_AUTORELEASING = YES;
				CLANG_WARN_BOOL_CONVERSION = YES;
				CLANG_WARN_COMMA = YES;
				CLANG_WARN_CONSTANT_CONVERSION = YES;
				CLANG_WARN_DEPRECATED_OBJC_IMPLEMENTATIONS = YES;
				CLANG_WARN_DIRECT_OBJC_ISA_USAGE = YES_ERROR;
				CLANG_WARN_DOCUMENTATION_COMMENTS = YES;
				CLANG_WARN_EMPTY_BODY = YES;
				CLANG_WARN_ENUM_CONVERSION = YES;
				CLANG_WARN_INFINITE_RECURSION = YES;
				CLANG_WARN_INT_CONVERSION = YES;
				CLANG_WARN_NON_LITERAL_NULL_CONVERSION = YES;
				CLANG_WARN_OBJC_IMPLICIT_RETAIN_SELF = YES;
				CLANG_WARN_OBJC_LITERAL_CONVERSION = YES;
				CLANG_WARN_OBJC_ROOT_CLASS = YES_ERROR;
				CLANG_WARN_QUOTED_INCLUDE_IN_FRAMEWORK_HEADER = YES;
				CLANG_WARN_RANGE_LOOP_ANALYSIS = YES;
				CLANG_WARN_STRICT_PROTOTYPES = YES;
				CLANG_WARN_SUSPICIOUS_MOVE = YES;
				CLANG_WARN_UNGUARDED_AVAILABILITY = YES_AGGRESSIVE;
				CLANG_WARN_UNREACHABLE_CODE = YES;
				CLANG_WARN__DUPLICATE_METHOD_MATCH = YES;
				COPY_PHASE_STRIP = NO;
				DEBUG_INFORMATION_FORMAT = "dwarf-with-dsym";
				ENABLE_NS_ASSERTIONS = NO;
				ENABLE_STRICT_OBJC_MSGSEND = YES;
				GCC_C_LANGUAGE_STANDARD = gnu11;
				GCC_NO_COMMON_BLOCKS = YES;
				GCC_WARN_64_TO_32_BIT_CONVERSION = YES;
				GCC_WARN_ABOUT_RETURN_TYPE = YES_ERROR;
				GCC_WARN_UNDECLARED_SELECTOR = YES;
				GCC_WARN_UNINITIALIZED_AUTOS = YES_AGGRESSIVE;
				GCC_WARN_UNUSED_FUNCTION = YES;
				GCC_WARN_UNUSED_VARIABLE = YES;
				IPHONEOS_DEPLOYMENT_TARGET = 15.0;
				MTL_ENABLE_DEBUG_INFO = NO;
				MTL_FAST_MATH = YES;
				SDKROOT = iphoneos;
				SWIFT_COMPILATION_MODE = wholemodule;
				SWIFT_OPTIMIZATION_LEVEL = "-O";
				VALIDATE_PRODUCT = YES;
			};
			name = Release;
		};
		7FBC231A2760BD0C0066CEC8 /* Debug */ = {
			isa = XCBuildConfiguration;
			buildSettings = {
				ASSETCATALOG_COMPILER_APPICON_NAME = AppIcon;
				ASSETCATALOG_COMPILER_GLOBAL_ACCENT_COLOR_NAME = AccentColor;
				CODE_SIGN_STYLE = Automatic;
				CURRENT_PROJECT_VERSION = 1;
				DEVELOPMENT_ASSET_PATHS = "\"carewego/Preview Content\"";
				DEVELOPMENT_TEAM = 9QL7Y9Y4AK;
				ENABLE_PREVIEWS = YES;
				GENERATE_INFOPLIST_FILE = YES;
				INFOPLIST_KEY_UIApplicationSceneManifest_Generation = YES;
				INFOPLIST_KEY_UIApplicationSupportsIndirectInputEvents = YES;
				INFOPLIST_KEY_UILaunchScreen_Generation = YES;
				INFOPLIST_KEY_UISupportedInterfaceOrientations_iPad = "UIInterfaceOrientationPortrait UIInterfaceOrientationPortraitUpsideDown UIInterfaceOrientationLandscapeLeft UIInterfaceOrientationLandscapeRight";
				INFOPLIST_KEY_UISupportedInterfaceOrientations_iPhone = "UIInterfaceOrientationPortrait UIInterfaceOrientationLandscapeLeft UIInterfaceOrientationLandscapeRight";
				IPHONEOS_DEPLOYMENT_TARGET = 14.0;
				LD_RUNPATH_SEARCH_PATHS = (
					"$(inherited)",
					"@executable_path/Frameworks",
				);
				MARKETING_VERSION = 1.0;
				PRODUCT_BUNDLE_IDENTIFIER = com.practice.carewego;
				PRODUCT_NAME = "$(TARGET_NAME)";
				SWIFT_EMIT_LOC_STRINGS = YES;
				SWIFT_VERSION = 5.0;
				TARGETED_DEVICE_FAMILY = "1,2";
			};
			name = Debug;
		};
		7FBC231B2760BD0C0066CEC8 /* Release */ = {
			isa = XCBuildConfiguration;
			buildSettings = {
				ASSETCATALOG_COMPILER_APPICON_NAME = AppIcon;
				ASSETCATALOG_COMPILER_GLOBAL_ACCENT_COLOR_NAME = AccentColor;
				CODE_SIGN_STYLE = Automatic;
				CURRENT_PROJECT_VERSION = 1;
				DEVELOPMENT_ASSET_PATHS = "\"carewego/Preview Content\"";
				DEVELOPMENT_TEAM = 9QL7Y9Y4AK;
				ENABLE_PREVIEWS = YES;
				GENERATE_INFOPLIST_FILE = YES;
				INFOPLIST_KEY_UIApplicationSceneManifest_Generation = YES;
				INFOPLIST_KEY_UIApplicationSupportsIndirectInputEvents = YES;
				INFOPLIST_KEY_UILaunchScreen_Generation = YES;
				INFOPLIST_KEY_UISupportedInterfaceOrientations_iPad = "UIInterfaceOrientationPortrait UIInterfaceOrientationPortraitUpsideDown UIInterfaceOrientationLandscapeLeft UIInterfaceOrientationLandscapeRight";
				INFOPLIST_KEY_UISupportedInterfaceOrientations_iPhone = "UIInterfaceOrientationPortrait UIInterfaceOrientationLandscapeLeft UIInterfaceOrientationLandscapeRight";
				IPHONEOS_DEPLOYMENT_TARGET = 14.0;
				LD_RUNPATH_SEARCH_PATHS = (
					"$(inherited)",
					"@executable_path/Frameworks",
				);
				MARKETING_VERSION = 1.0;
				PRODUCT_BUNDLE_IDENTIFIER = com.practice.carewego;
				PRODUCT_NAME = "$(TARGET_NAME)";
				SWIFT_EMIT_LOC_STRINGS = YES;
				SWIFT_VERSION = 5.0;
				TARGETED_DEVICE_FAMILY = "1,2";
			};
			name = Release;
		};
/* End XCBuildConfiguration section */

/* Begin XCConfigurationList section */
		7FBC23062760BD0B0066CEC8 /* Build configuration list for PBXProject "carewego" */ = {
			isa = XCConfigurationList;
			buildConfigurations = (
				7FBC23172760BD0C0066CEC8 /* Debug */,
				7FBC23182760BD0C0066CEC8 /* Release */,
			);
			defaultConfigurationIsVisible = 0;
			defaultConfigurationName = Release;
		};
		7FBC23192760BD0C0066CEC8 /* Build configuration list for PBXNativeTarget "carewego" */ = {
			isa = XCConfigurationList;
			buildConfigurations = (
				7FBC231A2760BD0C0066CEC8 /* Debug */,
				7FBC231B2760BD0C0066CEC8 /* Release */,
			);
			defaultConfigurationIsVisible = 0;
			defaultConfigurationName = Release;
		};
/* End XCConfigurationList section */
	};
	rootObject = 7FBC23032760BD0B0066CEC8 /* Project object */;
}
